
Microsoft Visual Studio Solution File, Format Version 12.00
# Visual Studio 15
VisualStudioVersion = 15.0.27428.2015
MinimumVisualStudioVersion = 10.0.40219.1
Project("{FAE04EC0-301F-11D3-BF4B-00C04F79EFBC}") = "IECameraandGallery.Android", "IECameraandGallery\IECameraandGallery.Android\IECameraandGallery.Android.csproj", "{7554BB76-80ED-47EC-A33F-99E30FE8C9DC}"
EndProject
Project("{FAE04EC0-301F-11D3-BF4B-00C04F79EFBC}") = "IECameraandGallery.iOS", "IECameraandGallery\IECameraandGallery.iOS\IECameraandGallery.iOS.csproj", "{AFC71ED1-F6AC-474B-9736-194FFDD583C5}"
EndProject
Project("{FAE04EC0-301F-11D3-BF4B-00C04F79EFBC}") = "IECameraandGallery.UWP", "IECameraandGallery\IECameraandGallery.UWP\IECameraandGallery.UWP.csproj", "{EADBCA62-12E6-40B9-B156-FBB6EA018B63}"
EndProject
Project("{FAE04EC0-301F-11D3-BF4B-00C04F79EFBC}") = "IECameraandGallery", "IECameraandGallery\IECameraandGallery\IECameraandGallery.csproj", "{85F844E6-59C7-4492-B331-5491B414DAFA}"
EndProject
Global
	GlobalSection(SolutionConfigurationPlatforms) = preSolution
		Ad-Hoc|Any CPU = Ad-Hoc|Any CPU
		Ad-Hoc|ARM = Ad-Hoc|ARM
		Ad-Hoc|iPhone = Ad-Hoc|iPhone
		Ad-Hoc|iPhoneSimulator = Ad-Hoc|iPhoneSimulator
		Ad-Hoc|x64 = Ad-Hoc|x64
		Ad-Hoc|x86 = Ad-Hoc|x86
		AppStore|Any CPU = AppStore|Any CPU
		AppStore|ARM = AppStore|ARM
		AppStore|iPhone = AppStore|iPhone
		AppStore|iPhoneSimulator = AppStore|iPhoneSimulator
		AppStore|x64 = AppStore|x64
		AppStore|x86 = AppStore|x86
		Debug|Any CPU = Debug|Any CPU
		Debug|ARM = Debug|ARM
		Debug|iPhone = Debug|iPhone
		Debug|iPhoneSimulator = Debug|iPhoneSimulator
		Debug|x64 = Debug|x64
		Debug|x86 = Debug|x86
		Release|Any CPU = Release|Any CPU
		Release|ARM = Release|ARM
		Release|iPhone = Release|iPhone
		Release|iPhoneSimulator = Release|iPhoneSimulator
		Release|x64 = Release|x64
		Release|x86 = Release|x86
	EndGlobalSection
	GlobalSection(ProjectConfigurationPlatforms) = postSolution
		{7554BB76-80ED-47EC-A33F-99E30FE8C9DC}.Ad-Hoc|Any CPU.ActiveCfg = Release|Any CPU
		{7554BB76-80ED-47EC-A33F-99E30FE8C9DC}.Ad-Hoc|Any CPU.Build.0 = Release|Any CPU
		{7554BB76-80ED-47EC-A33F-99E30FE8C9DC}.Ad-Hoc|Any CPU.Deploy.0 = Release|Any CPU
		{7554BB76-80ED-47EC-A33F-99E30FE8C9DC}.Ad-Hoc|ARM.ActiveCfg = Release|Any CPU
		{7554BB76-80ED-47EC-A33F-99E30FE8C9DC}.Ad-Hoc|ARM.Build.0 = Release|Any CPU
		{7554BB76-80ED-47EC-A33F-99E30FE8C9DC}.Ad-Hoc|ARM.Deploy.0 = Release|Any CPU
		{7554BB76-80ED-47EC-A33F-99E30FE8C9DC}.Ad-Hoc|iPhone.ActiveCfg = Release|Any CPU
		{7554BB76-80ED-47EC-A33F-99E30FE8C9DC}.Ad-Hoc|iPhone.Build.0 = Release|Any CPU
		{7554BB76-80ED-47EC-A33F-99E30FE8C9DC}.Ad-Hoc|iPhone.Deploy.0 = Release|Any CPU
		{7554BB76-80ED-47EC-A33F-99E30FE8C9DC}.Ad-Hoc|iPhoneSimulator.ActiveCfg = Release|Any CPU
		{7554BB76-80ED-47EC-A33F-99E30FE8C9DC}.Ad-Hoc|iPhoneSimulator.Build.0 = Release|Any CPU
		{7554BB76-80ED-47EC-A33F-99E30FE8C9DC}.Ad-Hoc|iPhoneSimulator.Deploy.0 = Release|Any CPU
		{7554BB76-80ED-47EC-A33F-99E30FE8C9DC}.Ad-Hoc|x64.ActiveCfg = Release|Any CPU
		{7554BB76-80ED-47EC-A33F-99E30FE8C9DC}.Ad-Hoc|x64.Build.0 = Release|Any CPU
		{7554BB76-80ED-47EC-A33F-99E30FE8C9DC}.Ad-Hoc|x64.Deploy.0 = Release|Any CPU
		{7554BB76-80ED-47EC-A33F-99E30FE8C9DC}.Ad-Hoc|x86.ActiveCfg = Release|Any CPU
		{7554BB76-80ED-47EC-A33F-99E30FE8C9DC}.Ad-Hoc|x86.Build.0 = Release|Any CPU
		{7554BB76-80ED-47EC-A33F-99E30FE8C9DC}.Ad-Hoc|x86.Deploy.0 = Release|Any CPU
		{7554BB76-80ED-47EC-A33F-99E30FE8C9DC}.AppStore|Any CPU.ActiveCfg = Release|Any CPU
		{7554BB76-80ED-47EC-A33F-99E30FE8C9DC}.AppStore|Any CPU.Build.0 = Release|Any CPU
		{7554BB76-80ED-47EC-A33F-99E30FE8C9DC}.AppStore|Any CPU.Deploy.0 = Release|Any CPU
		{7554BB76-80ED-47EC-A33F-99E30FE8C9DC}.AppStore|ARM.ActiveCfg = Release|Any CPU
		{7554BB76-80ED-47EC-A33F-99E30FE8C9DC}.AppStore|ARM.Build.0 = Release|Any CPU
		{7554BB76-80ED-47EC-A33F-99E30FE8C9DC}.AppStore|ARM.Deploy.0 = Release|Any CPU
		{7554BB76-80ED-47EC-A33F-99E30FE8C9DC}.AppStore|iPhone.ActiveCfg = Release|Any CPU
		{7554BB76-80ED-47EC-A33F-99E30FE8C9DC}.AppStore|iPhone.Build.0 = Release|Any CPU
		{7554BB76-80ED-47EC-A33F-99E30FE8C9DC}.AppStore|iPhone.Deploy.0 = Release|Any CPU
		{7554BB76-80ED-47EC-A33F-99E30FE8C9DC}.AppStore|iPhoneSimulator.ActiveCfg = Release|Any CPU
		{7554BB76-80ED-47EC-A33F-99E30FE8C9DC}.AppStore|iPhoneSimulator.Build.0 = Release|Any CPU
		{7554BB76-80ED-47EC-A33F-99E30FE8C9DC}.AppStore|iPhoneSimulator.Deploy.0 = Release|Any CPU
		{7554BB76-80ED-47EC-A33F-99E30FE8C9DC}.AppStore|x64.ActiveCfg = Release|Any CPU
		{7554BB76-80ED-47EC-A33F-99E30FE8C9DC}.AppStore|x64.Build.0 = Release|Any CPU
		{7554BB76-80ED-47EC-A33F-99E30FE8C9DC}.AppStore|x64.Deploy.0 = Release|Any CPU
		{7554BB76-80ED-47EC-A33F-99E30FE8C9DC}.AppStore|x86.ActiveCfg = Release|Any CPU
		{7554BB76-80ED-47EC-A33F-99E30FE8C9DC}.AppStore|x86.Build.0 = Release|Any CPU
		{7554BB76-80ED-47EC-A33F-99E30FE8C9DC}.AppStore|x86.Deploy.0 = Release|Any CPU
		{7554BB76-80ED-47EC-A33F-99E30FE8C9DC}.Debug|Any CPU.ActiveCfg = Debug|Any CPU
		{7554BB76-80ED-47EC-A33F-99E30FE8C9DC}.Debug|Any CPU.Build.0 = Debug|Any CPU
		{7554BB76-80ED-47EC-A33F-99E30FE8C9DC}.Debug|Any CPU.Deploy.0 = Debug|Any CPU
		{7554BB76-80ED-47EC-A33F-99E30FE8C9DC}.Debug|ARM.ActiveCfg = Debug|Any CPU
		{7554BB76-80ED-47EC-A33F-99E30FE8C9DC}.Debug|ARM.Build.0 = Debug|Any CPU
		{7554BB76-80ED-47EC-A33F-99E30FE8C9DC}.Debug|ARM.Deploy.0 = Debug|Any CPU
		{7554BB76-80ED-47EC-A33F-99E30FE8C9DC}.Debug|iPhone.ActiveCfg = Debug|Any CPU
		{7554BB76-80ED-47EC-A33F-99E30FE8C9DC}.Debug|iPhone.Build.0 = Debug|Any CPU
		{7554BB76-80ED-47EC-A33F-99E30FE8C9DC}.Debug|iPhone.Deploy.0 = Debug|Any CPU
		{7554BB76-80ED-47EC-A33F-99E30FE8C9DC}.Debug|iPhoneSimulator.ActiveCfg = Debug|Any CPU
		{7554BB76-80ED-47EC-A33F-99E30FE8C9DC}.Debug|iPhoneSimulator.Build.0 = Debug|Any CPU
		{7554BB76-80ED-47EC-A33F-99E30FE8C9DC}.Debug|iPhoneSimulator.Deploy.0 = Debug|Any CPU
		{7554BB76-80ED-47EC-A33F-99E30FE8C9DC}.Debug|x64.ActiveCfg = Debug|Any CPU
		{7554BB76-80ED-47EC-A33F-99E30FE8C9DC}.Debug|x64.Build.0 = Debug|Any CPU
		{7554BB76-80ED-47EC-A33F-99E30FE8C9DC}.Debug|x64.Deploy.0 = Debug|Any CPU
		{7554BB76-80ED-47EC-A33F-99E30FE8C9DC}.Debug|x86.ActiveCfg = Debug|Any CPU
		{7554BB76-80ED-47EC-A33F-99E30FE8C9DC}.Debug|x86.Build.0 = Debug|Any CPU
		{7554BB76-80ED-47EC-A33F-99E30FE8C9DC}.Debug|x86.Deploy.0 = Debug|Any CPU
		{7554BB76-80ED-47EC-A33F-99E30FE8C9DC}.Release|Any CPU.ActiveCfg = Release|Any CPU
		{7554BB76-80ED-47EC-A33F-99E30FE8C9DC}.Release|Any CPU.Build.0 = Release|Any CPU
		{7554BB76-80ED-47EC-A33F-99E30FE8C9DC}.Release|Any CPU.Deploy.0 = Release|Any CPU
		{7554BB76-80ED-47EC-A33F-99E30FE8C9DC}.Release|ARM.ActiveCfg = Release|Any CPU
		{7554BB76-80ED-47EC-A33F-99E30FE8C9DC}.Release|ARM.Build.0 = Release|Any CPU
		{7554BB76-80ED-47EC-A33F-99E30FE8C9DC}.Release|ARM.Deploy.0 = Release|Any CPU
		{7554BB76-80ED-47EC-A33F-99E30FE8C9DC}.Release|iPhone.ActiveCfg = Release|Any CPU
		{7554BB76-80ED-47EC-A33F-99E30FE8C9DC}.Release|iPhone.Build.0 = Release|Any CPU
		{7554BB76-80ED-47EC-A33F-99E30FE8C9DC}.Release|iPhone.Deploy.0 = Release|Any CPU
		{7554BB76-80ED-47EC-A33F-99E30FE8C9DC}.Release|iPhoneSimulator.ActiveCfg = Release|Any CPU
		{7554BB76-80ED-47EC-A33F-99E30FE8C9DC}.Release|iPhoneSimulator.Build.0 = Release|Any CPU
		{7554BB76-80ED-47EC-A33F-99E30FE8C9DC}.Release|iPhoneSimulator.Deploy.0 = Release|Any CPU
		{7554BB76-80ED-47EC-A33F-99E30FE8C9DC}.Release|x64.ActiveCfg = Release|Any CPU
		{7554BB76-80ED-47EC-A33F-99E30FE8C9DC}.Release|x64.Build.0 = Release|Any CPU
		{7554BB76-80ED-47EC-A33F-99E30FE8C9DC}.Release|x64.Deploy.0 = Release|Any CPU
		{7554BB76-80ED-47EC-A33F-99E30FE8C9DC}.Release|x86.ActiveCfg = Release|Any CPU
		{7554BB76-80ED-47EC-A33F-99E30FE8C9DC}.Release|x86.Build.0 = Release|Any CPU
		{7554BB76-80ED-47EC-A33F-99E30FE8C9DC}.Release|x86.Deploy.0 = Release|Any CPU
		{AFC71ED1-F6AC-474B-9736-194FFDD583C5}.Ad-Hoc|Any CPU.ActiveCfg = Ad-Hoc|iPhone
		{AFC71ED1-F6AC-474B-9736-194FFDD583C5}.Ad-Hoc|ARM.ActiveCfg = Ad-Hoc|iPhone
		{AFC71ED1-F6AC-474B-9736-194FFDD583C5}.Ad-Hoc|iPhone.ActiveCfg = Ad-Hoc|iPhone
		{AFC71ED1-F6AC-474B-9736-194FFDD583C5}.Ad-Hoc|iPhone.Build.0 = Ad-Hoc|iPhone
		{AFC71ED1-F6AC-474B-9736-194FFDD583C5}.Ad-Hoc|iPhoneSimulator.ActiveCfg = Ad-Hoc|iPhoneSimulator
		{AFC71ED1-F6AC-474B-9736-194FFDD583C5}.Ad-Hoc|iPhoneSimulator.Build.0 = Ad-Hoc|iPhoneSimulator
		{AFC71ED1-F6AC-474B-9736-194FFDD583C5}.Ad-Hoc|x64.ActiveCfg = Ad-Hoc|iPhone
		{AFC71ED1-F6AC-474B-9736-194FFDD583C5}.Ad-Hoc|x86.ActiveCfg = Ad-Hoc|iPhone
		{AFC71ED1-F6AC-474B-9736-194FFDD583C5}.AppStore|Any CPU.ActiveCfg = AppStore|iPhone
		{AFC71ED1-F6AC-474B-9736-194FFDD583C5}.AppStore|ARM.ActiveCfg = AppStore|iPhone
		{AFC71ED1-F6AC-474B-9736-194FFDD583C5}.AppStore|iPhone.ActiveCfg = AppStore|iPhone
		{AFC71ED1-F6AC-474B-9736-194FFDD583C5}.AppStore|iPhone.Build.0 = AppStore|iPhone
		{AFC71ED1-F6AC-474B-9736-194FFDD583C5}.AppStore|iPhoneSimulator.ActiveCfg = AppStore|iPhoneSimulator
		{AFC71ED1-F6AC-474B-9736-194FFDD583C5}.AppStore|iPhoneSimulator.Build.0 = AppStore|iPhoneSimulator
		{AFC71ED1-F6AC-474B-9736-194FFDD583C5}.AppStore|x64.ActiveCfg = AppStore|iPhone
		{AFC71ED1-F6AC-474B-9736-194FFDD583C5}.AppStore|x86.ActiveCfg = AppStore|iPhone
		{AFC71ED1-F6AC-474B-9736-194FFDD583C5}.Debug|Any CPU.ActiveCfg = Debug|iPhone
		{AFC71ED1-F6AC-474B-9736-194FFDD583C5}.Debug|ARM.ActiveCfg = Debug|iPhone
		{AFC71ED1-F6AC-474B-9736-194FFDD583C5}.Debug|iPhone.ActiveCfg = Debug|iPhone
		{AFC71ED1-F6AC-474B-9736-194FFDD583C5}.Debug|iPhone.Build.0 = Debug|iPhone
		{AFC71ED1-F6AC-474B-9736-194FFDD583C5}.Debug|iPhoneSimulator.ActiveCfg = Debug|iPhoneSimulator
		{AFC71ED1-F6AC-474B-9736-194FFDD583C5}.Debug|iPhoneSimulator.Build.0 = Debug|iPhoneSimulator
		{AFC71ED1-F6AC-474B-9736-194FFDD583C5}.Debug|x64.ActiveCfg = Debug|iPhone
		{AFC71ED1-F6AC-474B-9736-194FFDD583C5}.Debug|x86.ActiveCfg = Debug|iPhone
		{AFC71ED1-F6AC-474B-9736-194FFDD583C5}.Release|Any CPU.ActiveCfg = Release|iPhone
		{AFC71ED1-F6AC-474B-9736-194FFDD583C5}.Release|ARM.ActiveCfg = Release|iPhone
		{AFC71ED1-F6AC-474B-9736-194FFDD583C5}.Release|iPhone.ActiveCfg = Release|iPhone
		{AFC71ED1-F6AC-474B-9736-194FFDD583C5}.Release|iPhone.Build.0 = Release|iPhone
		{AFC71ED1-F6AC-474B-9736-194FFDD583C5}.Release|iPhoneSimulator.ActiveCfg = Release|iPhoneSimulator
		{AFC71ED1-F6AC-474B-9736-194FFDD583C5}.Release|iPhoneSimulator.Build.0 = Release|iPhoneSimulator
		{AFC71ED1-F6AC-474B-9736-194FFDD583C5}.Release|x64.ActiveCfg = Release|iPhone
		{AFC71ED1-F6AC-474B-9736-194FFDD583C5}.Release|x86.ActiveCfg = Release|iPhone
		{EADBCA62-12E6-40B9-B156-FBB6EA018B63}.Ad-Hoc|Any CPU.ActiveCfg = Release|x86
		{EADBCA62-12E6-40B9-B156-FBB6EA018B63}.Ad-Hoc|Any CPU.Build.0 = Release|x86
		{EADBCA62-12E6-40B9-B156-FBB6EA018B63}.Ad-Hoc|Any CPU.Deploy.0 = Release|x86
		{EADBCA62-12E6-40B9-B156-FBB6EA018B63}.Ad-Hoc|ARM.ActiveCfg = Release|ARM
		{EADBCA62-12E6-40B9-B156-FBB6EA018B63}.Ad-Hoc|ARM.Build.0 = Release|ARM
		{EADBCA62-12E6-40B9-B156-FBB6EA018B63}.Ad-Hoc|ARM.Deploy.0 = Release|ARM
		{EADBCA62-12E6-40B9-B156-FBB6EA018B63}.Ad-Hoc|iPhone.ActiveCfg = Release|x86
		{EADBCA62-12E6-40B9-B156-FBB6EA018B63}.Ad-Hoc|iPhone.Build.0 = Release|x86
		{EADBCA62-12E6-40B9-B156-FBB6EA018B63}.Ad-Hoc|iPhone.Deploy.0 = Release|x86
		{EADBCA62-12E6-40B9-B156-FBB6EA018B63}.Ad-Hoc|iPhoneSimulator.ActiveCfg = Release|x86
		{EADBCA62-12E6-40B9-B156-FBB6EA018B63}.Ad-Hoc|iPhoneSimulator.Build.0 = Release|x86
		{EADBCA62-12E6-40B9-B156-FBB6EA018B63}.Ad-Hoc|iPhoneSimulator.Deploy.0 = Release|x86
		{EADBCA62-12E6-40B9-B156-FBB6EA018B63}.Ad-Hoc|x64.ActiveCfg = Release|x64
		{EADBCA62-12E6-40B9-B156-FBB6EA018B63}.Ad-Hoc|x64.Build.0 = Release|x64
		{EADBCA62-12E6-40B9-B156-FBB6EA018B63}.Ad-Hoc|x64.Deploy.0 = Release|x64
		{EADBCA62-12E6-40B9-B156-FBB6EA018B63}.Ad-Hoc|x86.ActiveCfg = Release|x86
		{EADBCA62-12E6-40B9-B156-FBB6EA018B63}.Ad-Hoc|x86.Build.0 = Release|x86
		{EADBCA62-12E6-40B9-B156-FBB6EA018B63}.Ad-Hoc|x86.Deploy.0 = Release|x86
		{EADBCA62-12E6-40B9-B156-FBB6EA018B63}.AppStore|Any CPU.ActiveCfg = Release|x86
		{EADBCA62-12E6-40B9-B156-FBB6EA018B63}.AppStore|Any CPU.Build.0 = Release|x86
		{EADBCA62-12E6-40B9-B156-FBB6EA018B63}.AppStore|Any CPU.Deploy.0 = Release|x86
		{EADBCA62-12E6-40B9-B156-FBB6EA018B63}.AppStore|ARM.ActiveCfg = Release|ARM
		{EADBCA62-12E6-40B9-B156-FBB6EA018B63}.AppStore|ARM.Build.0 = Release|ARM
		{EADBCA62-12E6-40B9-B156-FBB6EA018B63}.AppStore|ARM.Deploy.0 = Release|ARM
		{EADBCA62-12E6-40B9-B156-FBB6EA018B63}.AppStore|iPhone.ActiveCfg = Release|x86
		{EADBCA62-12E6-40B9-B156-FBB6EA018B63}.AppStore|iPhone.Build.0 = Release|x86
		{EADBCA62-12E6-40B9-B156-FBB6EA018B63}.AppStore|iPhone.Deploy.0 = Release|x86
		{EADBCA62-12E6-40B9-B156-FBB6EA018B63}.AppStore|iPhoneSimulator.ActiveCfg = Release|x86
		{EADBCA62-12E6-40B9-B156-FBB6EA018B63}.AppStore|iPhoneSimulator.Build.0 = Release|x86
		{EADBCA62-12E6-40B9-B156-FBB6EA018B63}.AppStore|iPhoneSimulator.Deploy.0 = Release|x86
		{EADBCA62-12E6-40B9-B156-FBB6EA018B63}.AppStore|x64.ActiveCfg = Release|x64
		{EADBCA62-12E6-40B9-B156-FBB6EA018B63}.AppStore|x64.Build.0 = Release|x64
		{EADBCA62-12E6-40B9-B156-FBB6EA018B63}.AppStore|x64.Deploy.0 = Release|x64
		{EADBCA62-12E6-40B9-B156-FBB6EA018B63}.AppStore|x86.ActiveCfg = Release|x86
		{EADBCA62-12E6-40B9-B156-FBB6EA018B63}.AppStore|x86.Build.0 = Release|x86
		{EADBCA62-12E6-40B9-B156-FBB6EA018B63}.AppStore|x86.Deploy.0 = Release|x86
		{EADBCA62-12E6-40B9-B156-FBB6EA018B63}.Debug|Any CPU.ActiveCfg = Debug|x86
		{EADBCA62-12E6-40B9-B156-FBB6EA018B63}.Debug|ARM.ActiveCfg = Debug|ARM
		{EADBCA62-12E6-40B9-B156-FBB6EA018B63}.Debug|ARM.Build.0 = Debug|ARM
		{EADBCA62-12E6-40B9-B156-FBB6EA018B63}.Debug|ARM.Deploy.0 = Debug|ARM
		{EADBCA62-12E6-40B9-B156-FBB6EA018B63}.Debug|iPhone.ActiveCfg = Debug|x86
		{EADBCA62-12E6-40B9-B156-FBB6EA018B63}.Debug|iPhoneSimulator.ActiveCfg = Debug|x86
		{EADBCA62-12E6-40B9-B156-FBB6EA018B63}.Debug|x64.ActiveCfg = Debug|x64
		{EADBCA62-12E6-40B9-B156-FBB6EA018B63}.Debug|x64.Build.0 = Debug|x64
		{EADBCA62-12E6-40B9-B156-FBB6EA018B63}.Debug|x64.Deploy.0 = Debug|x64
		{EADBCA62-12E6-40B9-B156-FBB6EA018B63}.Debug|x86.ActiveCfg = Debug|x86
		{EADBCA62-12E6-40B9-B156-FBB6EA018B63}.Debug|x86.Build.0 = Debug|x86
		{EADBCA62-12E6-40B9-B156-FBB6EA018B63}.Debug|x86.Deploy.0 = Debug|x86
		{EADBCA62-12E6-40B9-B156-FBB6EA018B63}.Release|Any CPU.ActiveCfg = Release|x86
		{EADBCA62-12E6-40B9-B156-FBB6EA018B63}.Release|ARM.ActiveCfg = Release|ARM
		{EADBCA62-12E6-40B9-B156-FBB6EA018B63}.Release|ARM.Build.0 = Release|ARM
		{EADBCA62-12E6-40B9-B156-FBB6EA018B63}.Release|ARM.Deploy.0 = Release|ARM
		{EADBCA62-12E6-40B9-B156-FBB6EA018B63}.Release|iPhone.ActiveCfg = Release|x86
		{EADBCA62-12E6-40B9-B156-FBB6EA018B63}.Release|iPhoneSimulator.ActiveCfg = Release|x86
		{EADBCA62-12E6-40B9-B156-FBB6EA018B63}.Release|x64.ActiveCfg = Release|x64
		{EADBCA62-12E6-40B9-B156-FBB6EA018B63}.Release|x64.Build.0 = Release|x64
		{EADBCA62-12E6-40B9-B156-FBB6EA018B63}.Release|x64.Deploy.0 = Release|x64
		{EADBCA62-12E6-40B9-B156-FBB6EA018B63}.Release|x86.ActiveCfg = Release|x86
		{EADBCA62-12E6-40B9-B156-FBB6EA018B63}.Release|x86.Build.0 = Release|x86
		{EADBCA62-12E6-40B9-B156-FBB6EA018B63}.Release|x86.Deploy.0 = Release|x86
		{85F844E6-59C7-4492-B331-5491B414DAFA}.Ad-Hoc|Any CPU.ActiveCfg = Debug|Any CPU
		{85F844E6-59C7-4492-B331-5491B414DAFA}.Ad-Hoc|Any CPU.Build.0 = Debug|Any CPU
		{85F844E6-59C7-4492-B331-5491B414DAFA}.Ad-Hoc|ARM.ActiveCfg = Debug|Any CPU
		{85F844E6-59C7-4492-B331-5491B414DAFA}.Ad-Hoc|ARM.Build.0 = Debug|Any CPU
		{85F844E6-59C7-4492-B331-5491B414DAFA}.Ad-Hoc|iPhone.ActiveCfg = Debug|Any CPU
		{85F844E6-59C7-4492-B331-5491B414DAFA}.Ad-Hoc|iPhone.Build.0 = Debug|Any CPU
		{85F844E6-59C7-4492-B331-5491B414DAFA}.Ad-Hoc|iPhoneSimulator.ActiveCfg = Debug|Any CPU
		{85F844E6-59C7-4492-B331-5491B414DAFA}.Ad-Hoc|iPhoneSimulator.Build.0 = Debug|Any CPU
		{85F844E6-59C7-4492-B331-5491B414DAFA}.Ad-Hoc|x64.ActiveCfg = Debug|Any CPU
		{85F844E6-59C7-4492-B331-5491B414DAFA}.Ad-Hoc|x64.Build.0 = Debug|Any CPU
		{85F844E6-59C7-4492-B331-5491B414DAFA}.Ad-Hoc|x86.ActiveCfg = Debug|Any CPU
		{85F844E6-59C7-4492-B331-5491B414DAFA}.Ad-Hoc|x86.Build.0 = Debug|Any CPU
		{85F844E6-59C7-4492-B331-5491B414DAFA}.AppStore|Any CPU.ActiveCfg = Debug|Any CPU
		{85F844E6-59C7-4492-B331-5491B414DAFA}.AppStore|Any CPU.Build.0 = Debug|Any CPU
		{85F844E6-59C7-4492-B331-5491B414DAFA}.AppStore|ARM.ActiveCfg = Debug|Any CPU
		{85F844E6-59C7-4492-B331-5491B414DAFA}.AppStore|ARM.Build.0 = Debug|Any CPU
		{85F844E6-59C7-4492-B331-5491B414DAFA}.AppStore|iPhone.ActiveCfg = Debug|Any CPU
		{85F844E6-59C7-4492-B331-5491B414DAFA}.AppStore|iPhone.Build.0 = Debug|Any CPU
		{85F844E6-59C7-4492-B331-5491B414DAFA}.AppStore|iPhoneSimulator.ActiveCfg = Debug|Any CPU
		{85F844E6-59C7-4492-B331-5491B414DAFA}.AppStore|iPhoneSimulator.Build.0 = Debug|Any CPU
		{85F844E6-59C7-4492-B331-5491B414DAFA}.AppStore|x64.ActiveCfg = Debug|Any CPU
		{85F844E6-59C7-4492-B331-5491B414DAFA}.AppStore|x64.Build.0 = Debug|Any CPU
		{85F844E6-59C7-4492-B331-5491B414DAFA}.AppStore|x86.ActiveCfg = Debug|Any CPU
		{85F844E6-59C7-4492-B331-5491B414DAFA}.AppStore|x86.Build.0 = Debug|Any CPU
		{85F844E6-59C7-4492-B331-5491B414DAFA}.Debug|Any CPU.ActiveCfg = Debug|Any CPU
		{85F844E6-59C7-4492-B331-5491B414DAFA}.Debug|Any CPU.Build.0 = Debug|Any CPU
		{85F844E6-59C7-4492-B331-5491B414DAFA}.Debug|ARM.ActiveCfg = Debug|Any CPU
		{85F844E6-59C7-4492-B331-5491B414DAFA}.Debug|ARM.Build.0 = Debug|Any CPU
		{85F844E6-59C7-4492-B331-5491B414DAFA}.Debug|iPhone.ActiveCfg = Debug|Any CPU
		{85F844E6-59C7-4492-B331-5491B414DAFA}.Debug|iPhone.Build.0 = Debug|Any CPU
		{85F844E6-59C7-4492-B331-5491B414DAFA}.Debug|iPhoneSimulator.ActiveCfg = Debug|Any CPU
		{85F844E6-59C7-4492-B331-5491B414DAFA}.Debug|iPhoneSimulator.Build.0 = Debug|Any CPU
		{85F844E6-59C7-4492-B331-5491B414DAFA}.Debug|x64.ActiveCfg = Debug|Any CPU
		{85F844E6-59C7-4492-B331-5491B414DAFA}.Debug|x64.Build.0 = Debug|Any CPU
		{85F844E6-59C7-4492-B331-5491B414DAFA}.Debug|x86.ActiveCfg = Debug|Any CPU
		{85F844E6-59C7-4492-B331-5491B414DAFA}.Debug|x86.Build.0 = Debug|Any CPU
		{85F844E6-59C7-4492-B331-5491B414DAFA}.Release|Any CPU.ActiveCfg = Release|Any CPU
		{85F844E6-59C7-4492-B331-5491B414DAFA}.Release|Any CPU.Build.0 = Release|Any CPU
		{85F844E6-59C7-4492-B331-5491B414DAFA}.Release|ARM.ActiveCfg = Release|Any CPU
		{85F844E6-59C7-4492-B331-5491B414DAFA}.Release|ARM.Build.0 = Release|Any CPU
		{85F844E6-59C7-4492-B331-5491B414DAFA}.Release|iPhone.ActiveCfg = Release|Any CPU
		{85F844E6-59C7-4492-B331-5491B414DAFA}.Release|iPhone.Build.0 = Release|Any CPU
		{85F844E6-59C7-4492-B331-5491B414DAFA}.Release|iPhoneSimulator.ActiveCfg = Release|Any CPU
		{85F844E6-59C7-4492-B331-5491B414DAFA}.Release|iPhoneSimulator.Build.0 = Release|Any CPU
		{85F844E6-59C7-4492-B331-5491B414DAFA}.Release|x64.ActiveCfg = Release|Any CPU
		{85F844E6-59C7-4492-B331-5491B414DAFA}.Release|x64.Build.0 = Release|Any CPU
		{85F844E6-59C7-4492-B331-5491B414DAFA}.Release|x86.ActiveCfg = Release|Any CPU
		{85F844E6-59C7-4492-B331-5491B414DAFA}.Release|x86.Build.0 = Release|Any CPU
	EndGlobalSection
	GlobalSection(SolutionProperties) = preSolution
		HideSolutionNode = FALSE
	EndGlobalSection
	GlobalSection(ExtensibilityGlobals) = postSolution
		SolutionGuid = {6DACE272-E594-43D7-967F-5D27D99A33C4}
	EndGlobalSection
EndGlobal
